
Microsoft Visual Studio Solution File, Format Version 12.00
# Visual Studio Version 16
VisualStudioVersion = 16.0.810.21
MinimumVisualStudioVersion = 10.0.40219.1
Project("{FAE04EC0-301F-11D3-BF4B-00C04F79EFBC}") = "db_cp", "db_cp\db_cp.csproj", "{5612B8E1-D9BB-4A53-B4BE-96C014E58899}"
EndProject
Global
	GlobalSection(SolutionConfigurationPlatforms) = preSolution
		Debug|Any CPU = Debug|Any CPU
		Release|Any CPU = Release|Any CPU
	EndGlobalSection
	GlobalSection(ProjectConfigurationPlatforms) = postSolution
		{5612B8E1-D9BB-4A53-B4BE-96C014E58899}.Debug|Any CPU.ActiveCfg = Debug|Any CPU
		{5612B8E1-D9BB-4A53-B4BE-96C014E58899}.Debug|Any CPU.Build.0 = Debug|Any CPU
		{5612B8E1-D9BB-4A53-B4BE-96C014E58899}.Release|Any CPU.ActiveCfg = Release|Any CPU
		{5612B8E1-D9BB-4A53-B4BE-96C014E58899}.Release|Any CPU.Build.0 = Release|Any CPU
	EndGlobalSection
	GlobalSection(SolutionProperties) = preSolution
		HideSolutionNode = FALSE
	EndGlobalSection
	GlobalSection(ExtensibilityGlobals) = postSolution
		SolutionGuid = {53158239-0DF6-4922-88FC-6FCEFFD1C84A}
	EndGlobalSection
EndGlobal
